// !$*UTF8*$!
{
	archiveVersion = 1;
	classes = {
	};
	objectVersion = 50;
	objects = {

/* Begin PBXBuildFile section */
		31298C0E22C4CA9F00629873 /* AppDelegate.swift in Sources */ = {isa = PBXBuildFile; fileRef = 31298C0D22C4CA9F00629873 /* AppDelegate.swift */; };
		31298C1022C4CA9F00629873 /* ViewController.swift in Sources */ = {isa = PBXBuildFile; fileRef = 31298C0F22C4CA9F00629873 /* ViewController.swift */; };
		31298C1322C4CA9F00629873 /* Main.storyboard in Resources */ = {isa = PBXBuildFile; fileRef = 31298C1122C4CA9F00629873 /* Main.storyboard */; };
		31298C1522C4CAA100629873 /* Assets.xcassets in Resources */ = {isa = PBXBuildFile; fileRef = 31298C1422C4CAA100629873 /* Assets.xcassets */; };
		31298C1822C4CAA100629873 /* LaunchScreen.storyboard in Resources */ = {isa = PBXBuildFile; fileRef = 31298C1622C4CAA100629873 /* LaunchScreen.storyboard */; };
		31298C2022C4CF0B00629873 /* Network.swift in Sources */ = {isa = PBXBuildFile; fileRef = 31298C1F22C4CF0B00629873 /* Network.swift */; };
		31298C4022C4D38F00629873 /* BuildFile in Embed Frameworks */ = {isa = PBXBuildFile; settings = {ATTRIBUTES = (CodeSignOnCopy, RemoveHeadersOnCopy, ); }; };
		31298C4822C5155100629873 /* DataModel.swift in Sources */ = {isa = PBXBuildFile; fileRef = 31298C4722C5155100629873 /* DataModel.swift */; };
		31298C4A22C554A700629873 /* DetailViewController.swift in Sources */ = {isa = PBXBuildFile; fileRef = 31298C4922C554A700629873 /* DetailViewController.swift */; };
		CCB2E739BD6B1A7E3E498033 /* Pods_RamblerTestWork.framework in Frameworks */ = {isa = PBXBuildFile; fileRef = 25B319A19E22062B750D397A /* Pods_RamblerTestWork.framework */; };
/* End PBXBuildFile section */

/* Begin PBXCopyFilesBuildPhase section */
		31298C3E22C4CF9F00629873 /* Embed Frameworks */ = {
			isa = PBXCopyFilesBuildPhase;
			buildActionMask = 2147483647;
			dstPath = "";
			dstSubfolderSpec = 10;
			files = (
				31298C4022C4D38F00629873 /* BuildFile in Embed Frameworks */,
			);
			name = "Embed Frameworks";
			runOnlyForDeploymentPostprocessing = 0;
		};
/* End PBXCopyFilesBuildPhase section */

/* Begin PBXFileReference section */
		25B319A19E22062B750D397A /* Pods_RamblerTestWork.framework */ = {isa = PBXFileReference; explicitFileType = wrapper.framework; includeInIndex = 0; path = Pods_RamblerTestWork.framework; sourceTree = BUILT_PRODUCTS_DIR; };
		31298C0A22C4CA9F00629873 /* RamblerTestWork.app */ = {isa = PBXFileReference; explicitFileType = wrapper.application; includeInIndex = 0; path = RamblerTestWork.app; sourceTree = BUILT_PRODUCTS_DIR; };
		31298C0D22C4CA9F00629873 /* AppDelegate.swift */ = {isa = PBXFileReference; lastKnownFileType = sourcecode.swift; path = AppDelegate.swift; sourceTree = "<group>"; };
		31298C0F22C4CA9F00629873 /* ViewController.swift */ = {isa = PBXFileReference; lastKnownFileType = sourcecode.swift; path = ViewController.swift; sourceTree = "<group>"; };
		31298C1222C4CA9F00629873 /* Base */ = {isa = PBXFileReference; lastKnownFileType = file.storyboard; name = Base; path = Base.lproj/Main.storyboard; sourceTree = "<group>"; };
		31298C1422C4CAA100629873 /* Assets.xcassets */ = {isa = PBXFileReference; lastKnownFileType = folder.assetcatalog; path = Assets.xcassets; sourceTree = "<group>"; };
		31298C1722C4CAA100629873 /* Base */ = {isa = PBXFileReference; lastKnownFileType = file.storyboard; name = Base; path = Base.lproj/LaunchScreen.storyboard; sourceTree = "<group>"; };
		31298C1922C4CAA100629873 /* Info.plist */ = {isa = PBXFileReference; lastKnownFileType = text.plist.xml; path = Info.plist; sourceTree = "<group>"; };
		31298C1F22C4CF0B00629873 /* Network.swift */ = {isa = PBXFileReference; lastKnownFileType = sourcecode.swift; path = Network.swift; sourceTree = "<group>"; };
		31298C4722C5155100629873 /* DataModel.swift */ = {isa = PBXFileReference; fileEncoding = 4; lastKnownFileType = sourcecode.swift; path = DataModel.swift; sourceTree = "<group>"; };
		31298C4922C554A700629873 /* DetailViewController.swift */ = {isa = PBXFileReference; lastKnownFileType = sourcecode.swift; path = DetailViewController.swift; sourceTree = "<group>"; };
		63EBD1E013FBD88F9170F445 /* Pods-RamblerTestWork.debug.xcconfig */ = {isa = PBXFileReference; includeInIndex = 1; lastKnownFileType = text.xcconfig; name = "Pods-RamblerTestWork.debug.xcconfig"; path = "Pods/Target Support Files/Pods-RamblerTestWork/Pods-RamblerTestWork.debug.xcconfig"; sourceTree = "<group>"; };
		68076145FE0A36758F932193 /* Pods-RamblerTestWork.release.xcconfig */ = {isa = PBXFileReference; includeInIndex = 1; lastKnownFileType = text.xcconfig; name = "Pods-RamblerTestWork.release.xcconfig"; path = "Pods/Target Support Files/Pods-RamblerTestWork/Pods-RamblerTestWork.release.xcconfig"; sourceTree = "<group>"; };
/* End PBXFileReference section */

/* Begin PBXFrameworksBuildPhase section */
		31298C0722C4CA9F00629873 /* Frameworks */ = {
			isa = PBXFrameworksBuildPhase;
			buildActionMask = 2147483647;
			files = (
				CCB2E739BD6B1A7E3E498033 /* Pods_RamblerTestWork.framework in Frameworks */,
			);
			runOnlyForDeploymentPostprocessing = 0;
		};
/* End PBXFrameworksBuildPhase section */

/* Begin PBXGroup section */
		14F67C87DE373C714E09A4F0 /* Pods */ = {
			isa = PBXGroup;
			children = (
				63EBD1E013FBD88F9170F445 /* Pods-RamblerTestWork.debug.xcconfig */,
				68076145FE0A36758F932193 /* Pods-RamblerTestWork.release.xcconfig */,
			);
			name = Pods;
			sourceTree = "<group>";
		};
		31298C0122C4CA9F00629873 = {
			isa = PBXGroup;
			children = (
				31298C0C22C4CA9F00629873 /* RamblerTestWork */,
				14F67C87DE373C714E09A4F0 /* Pods */,
				73151F6785CBFDE8D8DBF7DE /* Frameworks */,
			);
			sourceTree = "<group>";
		};
		31298C0B22C4CA9F00629873 /* Products */ = {
			isa = PBXGroup;
			children = (
				31298C0A22C4CA9F00629873 /* RamblerTestWork.app */,
			);
			name = Products;
			path = ..;
			sourceTree = "<group>";
		};
		31298C0C22C4CA9F00629873 /* RamblerTestWork */ = {
			isa = PBXGroup;
			children = (
				31298C4322C4E0C500629873 /* NetworkLayer */,
				31298C0D22C4CA9F00629873 /* AppDelegate.swift */,
				31298C0F22C4CA9F00629873 /* ViewController.swift */,
				31298C4922C554A700629873 /* DetailViewController.swift */,
				31298C1122C4CA9F00629873 /* Main.storyboard */,
				31298C1422C4CAA100629873 /* Assets.xcassets */,
				31298C1622C4CAA100629873 /* LaunchScreen.storyboard */,
				31298C1922C4CAA100629873 /* Info.plist */,
				31298C0B22C4CA9F00629873 /* Products */,
			);
			path = RamblerTestWork;
			sourceTree = "<group>";
		};
		31298C4322C4E0C500629873 /* NetworkLayer */ = {
			isa = PBXGroup;
			children = (
				31298C4722C5155100629873 /* DataModel.swift */,
				31298C1F22C4CF0B00629873 /* Network.swift */,
			);
			path = NetworkLayer;
			sourceTree = "<group>";
		};
		73151F6785CBFDE8D8DBF7DE /* Frameworks */ = {
			isa = PBXGroup;
			children = (
				25B319A19E22062B750D397A /* Pods_RamblerTestWork.framework */,
			);
			name = Frameworks;
			sourceTree = "<group>";
		};
/* End PBXGroup section */

/* Begin PBXNativeTarget section */
		31298C0922C4CA9F00629873 /* RamblerTestWork */ = {
			isa = PBXNativeTarget;
			buildConfigurationList = 31298C1C22C4CAA100629873 /* Build configuration list for PBXNativeTarget "RamblerTestWork" */;
			buildPhases = (
				ABD3CC66D364DB821E8084A7 /* [CP] Check Pods Manifest.lock */,
				31298C0622C4CA9F00629873 /* Sources */,
				31298C0722C4CA9F00629873 /* Frameworks */,
				31298C0822C4CA9F00629873 /* Resources */,
				31298C3E22C4CF9F00629873 /* Embed Frameworks */,
				034D2E171400773556104454 /* [CP] Embed Pods Frameworks */,
			);
			buildRules = (
			);
			dependencies = (
			);
			name = RamblerTestWork;
			productName = RamblerTestWork;
			productReference = 31298C0A22C4CA9F00629873 /* RamblerTestWork.app */;
			productType = "com.apple.product-type.application";
		};
/* End PBXNativeTarget section */

/* Begin PBXProject section */
		31298C0222C4CA9F00629873 /* Project object */ = {
			isa = PBXProject;
			attributes = {
				LastSwiftUpdateCheck = 1010;
				LastUpgradeCheck = 1010;
				ORGANIZATIONNAME = "Влад Калаев";
				TargetAttributes = {
					31298C0922C4CA9F00629873 = {
						CreatedOnToolsVersion = 10.1;
					};
				};
			};
			buildConfigurationList = 31298C0522C4CA9F00629873 /* Build configuration list for PBXProject "RamblerTestWork" */;
			compatibilityVersion = "Xcode 9.3";
			developmentRegion = en;
			hasScannedForEncodings = 0;
			knownRegions = (
				en,
				Base,
			);
			mainGroup = 31298C0122C4CA9F00629873;
			productRefGroup = 31298C0B22C4CA9F00629873 /* Products */;
			projectDirPath = "";
			projectRoot = "";
			targets = (
				31298C0922C4CA9F00629873 /* RamblerTestWork */,
			);
		};
/* End PBXProject section */

/* Begin PBXResourcesBuildPhase section */
		31298C0822C4CA9F00629873 /* Resources */ = {
			isa = PBXResourcesBuildPhase;
			buildActionMask = 2147483647;
			files = (
				31298C1822C4CAA100629873 /* LaunchScreen.storyboard in Resources */,
				31298C1522C4CAA100629873 /* Assets.xcassets in Resources */,
				31298C1322C4CA9F00629873 /* Main.storyboard in Resources */,
			);
			runOnlyForDeploymentPostprocessing = 0;
		};
/* End PBXResourcesBuildPhase section */

/* Begin PBXShellScriptBuildPhase section */
		034D2E171400773556104454 /* [CP] Embed Pods Frameworks */ = {
			isa = PBXShellScriptBuildPhase;
			buildActionMask = 2147483647;
			files = (
			);
			inputFileListPaths = (
			);
			inputPaths = (
				"${SRCROOT}/Pods/Target Support Files/Pods-RamblerTestWork/Pods-RamblerTestWork-frameworks.sh",
				"${BUILT_PRODUCTS_DIR}/Alamofire/Alamofire.framework",
				"${BUILT_PRODUCTS_DIR}/SDWebImage/SDWebImage.framework",
			);
			name = "[CP] Embed Pods Frameworks";
			outputFileListPaths = (
			);
			outputPaths = (
				"${TARGET_BUILD_DIR}/${FRAMEWORKS_FOLDER_PATH}/Alamofire.framework",
				"${TARGET_BUILD_DIR}/${FRAMEWORKS_FOLDER_PATH}/SDWebImage.framework",
			);
			runOnlyForDeploymentPostprocessing = 0;
			shellPath = /bin/sh;
			shellScript = "\"${SRCROOT}/Pods/Target Support Files/Pods-RamblerTestWork/Pods-RamblerTestWork-frameworks.sh\"\n";
			showEnvVarsInLog = 0;
		};
		ABD3CC66D364DB821E8084A7 /* [CP] Check Pods Manifest.lock */ = {
			isa = PBXShellScriptBuildPhase;
			buildActionMask = 2147483647;
			files = (
			);
			inputFileListPaths = (
			);
			inputPaths = (
				"${PODS_PODFILE_DIR_PATH}/Podfile.lock",
				"${PODS_ROOT}/Manifest.lock",
			);
			name = "[CP] Check Pods Manifest.lock";
			outputFileListPaths = (
			);
			outputPaths = (
				"$(DERIVED_FILE_DIR)/Pods-RamblerTestWork-checkManifestLockResult.txt",
			);
			runOnlyForDeploymentPostprocessing = 0;
			shellPath = /bin/sh;
			shellScript = "diff \"${PODS_PODFILE_DIR_PATH}/Podfile.lock\" \"${PODS_ROOT}/Manifest.lock\" > /dev/null\nif [ $? != 0 ] ; then\n    # print error to STDERR\n    echo \"error: The sandbox is not in sync with the Podfile.lock. Run 'pod install' or update your CocoaPods installation.\" >&2\n    exit 1\nfi\n# This output is used by Xcode 'outputs' to avoid re-running this script phase.\necho \"SUCCESS\" > \"${SCRIPT_OUTPUT_FILE_0}\"\n";
			showEnvVarsInLog = 0;
		};
/* End PBXShellScriptBuildPhase section */

/* Begin PBXSourcesBuildPhase section */
		31298C0622C4CA9F00629873 /* Sources */ = {
			isa = PBXSourcesBuildPhase;
			buildActionMask = 2147483647;
			files = (
				31298C4A22C554A700629873 /* DetailViewController.swift in Sources */,
				31298C1022C4CA9F00629873 /* ViewController.swift in Sources */,
				31298C4822C5155100629873 /* DataModel.swift in Sources */,
				31298C0E22C4CA9F00629873 /* AppDelegate.swift in Sources */,
				31298C2022C4CF0B00629873 /* Network.swift in Sources */,
			);
			runOnlyForDeploymentPostprocessing = 0;
		};
/* End PBXSourcesBuildPhase section */

/* Begin PBXVariantGroup section */
		31298C1122C4CA9F00629873 /* Main.storyboard */ = {
			isa = PBXVariantGroup;
			children = (
				31298C1222C4CA9F00629873 /* Base */,
			);
			name = Main.storyboard;
			sourceTree = "<group>";
		};
		31298C1622C4CAA100629873 /* LaunchScreen.storyboard */ = {
			isa = PBXVariantGroup;
			children = (
				31298C1722C4CAA100629873 /* Base */,
			);
			name = LaunchScreen.storyboard;
			sourceTree = "<group>";
		};
/* End PBXVariantGroup section */

/* Begin XCBuildConfiguration section */
		31298C1A22C4CAA100629873 /* Debug */ = {
			isa = XCBuildConfiguration;
			buildSettings = {
				ALWAYS_SEARCH_USER_PATHS = NO;
				CLANG_ANALYZER_NONNULL = YES;
				CLANG_ANALYZER_NUMBER_OBJECT_CONVERSION = YES_AGGRESSIVE;
				CLANG_CXX_LANGUAGE_STANDARD = "gnu++14";
				CLANG_CXX_LIBRARY = "libc++";
				CLANG_ENABLE_MODULES = YES;
				CLANG_ENABLE_OBJC_ARC = YES;
				CLANG_ENABLE_OBJC_WEAK = YES;
				CLANG_WARN_BLOCK_CAPTURE_AUTORELEASING = YES;
				CLANG_WARN_BOOL_CONVERSION = YES;
				CLANG_WARN_COMMA = YES;
				CLANG_WARN_CONSTANT_CONVERSION = YES;
				CLANG_WARN_DEPRECATED_OBJC_IMPLEMENTATIONS = YES;
				CLANG_WARN_DIRECT_OBJC_ISA_USAGE = YES_ERROR;
				CLANG_WARN_DOCUMENTATION_COMMENTS = YES;
				CLANG_WARN_EMPTY_BODY = YES;
				CLANG_WARN_ENUM_CONVERSION = YES;
				CLANG_WARN_INFINITE_RECURSION = YES;
				CLANG_WARN_INT_CONVERSION = YES;
				CLANG_WARN_NON_LITERAL_NULL_CONVERSION = YES;
				CLANG_WARN_OBJC_IMPLICIT_RETAIN_SELF = YES;
				CLANG_WARN_OBJC_LITERAL_CONVERSION = YES;
				CLANG_WARN_OBJC_ROOT_CLASS = YES_ERROR;
				CLANG_WARN_RANGE_LOOP_ANALYSIS = YES;
				CLANG_WARN_STRICT_PROTOTYPES = YES;
				CLANG_WARN_SUSPICIOUS_MOVE = YES;
				CLANG_WARN_UNGUARDED_AVAILABILITY = YES_AGGRESSIVE;
				CLANG_WARN_UNREACHABLE_CODE = YES;
				CLANG_WARN__DUPLICATE_METHOD_MATCH = YES;
				CODE_SIGN_IDENTITY = "iPhone Developer";
				COPY_PHASE_STRIP = NO;
				DEBUG_INFORMATION_FORMAT = dwarf;
				ENABLE_STRICT_OBJC_MSGSEND = YES;
				ENABLE_TESTABILITY = YES;
				GCC_C_LANGUAGE_STANDARD = gnu11;
				GCC_DYNAMIC_NO_PIC = NO;
				GCC_NO_COMMON_BLOCKS = YES;
				GCC_OPTIMIZATION_LEVEL = 0;
				GCC_PREPROCESSOR_DEFINITIONS = (
					"DEBUG=1",
					"$(inherited)",
				);
				GCC_WARN_64_TO_32_BIT_CONVERSION = YES;
				GCC_WARN_ABOUT_RETURN_TYPE = YES_ERROR;
				GCC_WARN_UNDECLARED_SELECTOR = YES;
				GCC_WARN_UNINITIALIZED_AUTOS = YES_AGGRESSIVE;
				GCC_WARN_UNUSED_FUNCTION = YES;
				GCC_WARN_UNUSED_VARIABLE = YES;
				IPHONEOS_DEPLOYMENT_TARGET = 12.1;
				MTL_ENABLE_DEBUG_INFO = INCLUDE_SOURCE;
				MTL_FAST_MATH = YES;
				ONLY_ACTIVE_ARCH = YES;
				SDKROOT = iphoneos;
				SWIFT_ACTIVE_COMPILATION_CONDITIONS = DEBUG;
				SWIFT_OPTIMIZATION_LEVEL = "-Onone";
			};
			name = Debug;
		};
		31298C1B22C4CAA100629873 /* Release */ = {
			isa = XCBuildConfiguration;
			buildSettings = {
				ALWAYS_SEARCH_USER_PATHS = NO;
				CLANG_ANALYZER_NONNULL = YES;
				CLANG_ANALYZER_NUMBER_OBJECT_CONVERSION = YES_AGGRESSIVE;
				CLANG_CXX_LANGUAGE_STANDARD = "gnu++14";
				CLANG_CXX_LIBRARY = "libc++";
				CLANG_ENABLE_MODULES = YES;
				CLANG_ENABLE_OBJC_ARC = YES;
				CLANG_ENABLE_OBJC_WEAK = YES;
				CLANG_WARN_BLOCK_CAPTURE_AUTORELEASING = YES;
				CLANG_WARN_BOOL_CONVERSION = YES;
				CLANG_WARN_COMMA = YES;
				CLANG_WARN_CONSTANT_CONVERSION = YES;
				CLANG_WARN_DEPRECATED_OBJC_IMPLEMENTATIONS = YES;
				CLANG_WARN_DIRECT_OBJC_ISA_USAGE = YES_ERROR;
				CLANG_WARN_DOCUMENTATION_COMMENTS = YES;
				CLANG_WARN_EMPTY_BODY = YES;
				CLANG_WARN_ENUM_CONVERSION = YES;
				CLANG_WARN_INFINITE_RECURSION = YES;
				CLANG_WARN_INT_CONVERSION = YES;
				CLANG_WARN_NON_LITERAL_NULL_CONVERSION = YES;
				CLANG_WARN_OBJC_IMPLICIT_RETAIN_SELF = YES;
				CLANG_WARN_OBJC_LITERAL_CONVERSION = YES;
				CLANG_WARN_OBJC_ROOT_CLASS = YES_ERROR;
				CLANG_WARN_RANGE_LOOP_ANALYSIS = YES;
				CLANG_WARN_STRICT_PROTOTYPES = YES;
				CLANG_WARN_SUSPICIOUS_MOVE = YES;
				CLANG_WARN_UNGUARDED_AVAILABILITY = YES_AGGRESSIVE;
				CLANG_WARN_UNREACHABLE_CODE = YES;
				CLANG_WARN__DUPLICATE_METHOD_MATCH = YES;
				CODE_SIGN_IDENTITY = "iPhone Developer";
				COPY_PHASE_STRIP = NO;
				DEBUG_INFORMATION_FORMAT = "dwarf-with-dsym";
				ENABLE_NS_ASSERTIONS = NO;
				ENABLE_STRICT_OBJC_MSGSEND = YES;
				GCC_C_LANGUAGE_STANDARD = gnu11;
				GCC_NO_COMMON_BLOCKS = YES;
				GCC_WARN_64_TO_32_BIT_CONVERSION = YES;
				GCC_WARN_ABOUT_RETURN_TYPE = YES_ERROR;
				GCC_WARN_UNDECLARED_SELECTOR = YES;
				GCC_WARN_UNINITIALIZED_AUTOS = YES_AGGRESSIVE;
				GCC_WARN_UNUSED_FUNCTION = YES;
				GCC_WARN_UNUSED_VARIABLE = YES;
				IPHONEOS_DEPLOYMENT_TARGET = 12.1;
				MTL_ENABLE_DEBUG_INFO = NO;
				MTL_FAST_MATH = YES;
				SDKROOT = iphoneos;
				SWIFT_COMPILATION_MODE = wholemodule;
				SWIFT_OPTIMIZATION_LEVEL = "-O";
				VALIDATE_PRODUCT = YES;
			};
			name = Release;
		};
		31298C1D22C4CAA100629873 /* Debug */ = {
			isa = XCBuildConfiguration;
			baseConfigurationReference = 63EBD1E013FBD88F9170F445 /* Pods-RamblerTestWork.debug.xcconfig */;
			buildSettings = {
				ALWAYS_EMBED_SWIFT_STANDARD_LIBRARIES = YES;
				ASSETCATALOG_COMPILER_APPICON_NAME = AppIcon;
				CODE_SIGN_IDENTITY = "iPhone Developer";
				CODE_SIGN_STYLE = Automatic;
				DEVELOPMENT_TEAM = N89Q9ZJQ5N;
				INFOPLIST_FILE = RamblerTestWork/Info.plist;
				IPHONEOS_DEPLOYMENT_TARGET = 12.0;
				LD_RUNPATH_SEARCH_PATHS = (
					"$(inherited)",
					"@executable_path/Frameworks",
				);
				PRODUCT_BUNDLE_IDENTIFIER = VK.RamblerTestWork;
				PRODUCT_NAME = "$(TARGET_NAME)";
				PROVISIONING_PROFILE_SPECIFIER = "";
				SWIFT_VERSION = 4.2;
				TARGETED_DEVICE_FAMILY = "1,2";
			};
			name = Debug;
		};
		31298C1E22C4CAA100629873 /* Release */ = {
			isa = XCBuildConfiguration;
			baseConfigurationReference = 68076145FE0A36758F932193 /* Pods-RamblerTestWork.release.xcconfig */;
			buildSettings = {
				ALWAYS_EMBED_SWIFT_STANDARD_LIBRARIES = YES;
				ASSETCATALOG_COMPILER_APPICON_NAME = AppIcon;
				CODE_SIGN_IDENTITY = "iPhone Developer";
				CODE_SIGN_STYLE = Automatic;
				DEVELOPMENT_TEAM = N89Q9ZJQ5N;
				INFOPLIST_FILE = RamblerTestWork/Info.plist;
				IPHONEOS_DEPLOYMENT_TARGET = 12.0;
				LD_RUNPATH_SEARCH_PATHS = (
					"$(inherited)",
					"@executable_path/Frameworks",
				);
				PRODUCT_BUNDLE_IDENTIFIER = VK.RamblerTestWork;
				PRODUCT_NAME = "$(TARGET_NAME)";
				PROVISIONING_PROFILE_SPECIFIER = "";
				SWIFT_VERSION = 4.2;
				TARGETED_DEVICE_FAMILY = "1,2";
			};
			name = Release;
		};
/* End XCBuildConfiguration section */

/* Begin XCConfigurationList section */
		31298C0522C4CA9F00629873 /* Build configuration list for PBXProject "RamblerTestWork" */ = {
			isa = XCConfigurationList;
			buildConfigurations = (
				31298C1A22C4CAA100629873 /* Debug */,
				31298C1B22C4CAA100629873 /* Release */,
			);
			defaultConfigurationIsVisible = 0;
			defaultConfigurationName = Release;
		};
		31298C1C22C4CAA100629873 /* Build configuration list for PBXNativeTarget "RamblerTestWork" */ = {
			isa = XCConfigurationList;
			buildConfigurations = (
				31298C1D22C4CAA100629873 /* Debug */,
				31298C1E22C4CAA100629873 /* Release */,
			);
			defaultConfigurationIsVisible = 0;
			defaultConfigurationName = Release;
		};
/* End XCConfigurationList section */
	};
	rootObject = 31298C0222C4CA9F00629873 /* Project object */;
}
